Microsoft Visual Studio Solution File, Format Version 12.00
# Visual Studio Version 17
VisualStudioVersion = 17.13.35919.96
MinimumVisualStudioVersion = 10.0.40219.1
Project("{FAE04EC0-301F-11D3-BF4B-00C04F79EFBC}") = "Odev", "Odev.csproj", "{385E8A0E-A412-4B67-B871-B87591B79C37}"
EndProject
Global
	GlobalSection(SolutionConfigurationPlatforms) = preSolution
		Debug|Any CPU = Debug|Any CPU
		Release|Any CPU = Release|Any CPU
	EndGlobalSection
	GlobalSection(ProjectConfigurationPlatforms) = postSolution
		{385E8A0E-A412-4B67-B871-B87591B79C37}.Debug|Any CPU.ActiveCfg = Debug|Any CPU
		{385E8A0E-A412-4B67-B871-B87591B79C37}.Debug|Any CPU.Build.0 = Debug|Any CPU
		{385E8A0E-A412-4B67-B871-B87591B79C37}.Release|Any CPU.ActiveCfg = Release|Any CPU
		{385E8A0E-A412-4B67-B871-B87591B79C37}.Release|Any CPU.Build.0 = Release|Any CPU
	EndGlobalSection
	GlobalSection(SolutionProperties) = preSolution
		HideSolutionNode = FALSE
	EndGlobalSection
	GlobalSection(ExtensibilityGlobals) = postSolution
		SolutionGuid = {B3C42830-10FE-42A7-9DB3-52D017712DE6}
	EndGlobalSection
EndGlobal
